
Microsoft Visual Studio Solution File, Format Version 12.00
# Visual Studio Version 16
VisualStudioVersion = 16.0.31702.278
MinimumVisualStudioVersion = 10.0.40219.1
Project("{FAE04EC0-301F-11D3-BF4B-00C04F79EFBC}") = "NewsSiteTest", "NewsSiteTest.csproj", "{0D164011-DEF9-470D-BDF8-702212EBECC9}"
EndProject
Global
	GlobalSection(SolutionConfigurationPlatforms) = preSolution
		Debug|Any CPU = Debug|Any CPU
		Release|Any CPU = Release|Any CPU
	EndGlobalSection
	GlobalSection(ProjectConfigurationPlatforms) = postSolution
		{0D164011-DEF9-470D-BDF8-702212EBECC9}.Debug|Any CPU.ActiveCfg = Debug|Any CPU
		{0D164011-DEF9-470D-BDF8-702212EBECC9}.Debug|Any CPU.Build.0 = Debug|Any CPU
		{0D164011-DEF9-470D-BDF8-702212EBECC9}.Release|Any CPU.ActiveCfg = Release|Any CPU
		{0D164011-DEF9-470D-BDF8-702212EBECC9}.Release|Any CPU.Build.0 = Release|Any CPU
	EndGlobalSection
	GlobalSection(SolutionProperties) = preSolution
		HideSolutionNode = FALSE
	EndGlobalSection
	GlobalSection(ExtensibilityGlobals) = postSolution
		SolutionGuid = {37CCAC3A-A14F-4757-8986-4AC6EB54A9D8}
	EndGlobalSection
EndGlobal
